
Microsoft Visual Studio Solution File, Format Version 12.00
# Visual Studio 14
VisualStudioVersion = 14.0.23107.0
MinimumVisualStudioVersion = 10.0.40219.1
Project("{151D2E53-A2C4-4D7D-83FE-D05416EBD58E}") = "ARMTemplateLibrary", "ARMTemplateLibrary\ARMTemplateLibrary.deployproj", "{D3B0BFDE-F220-47D3-86AB-7642F23EDD6F}"
EndProject
Global
	GlobalSection(SolutionConfigurationPlatforms) = preSolution
		Debug|Any CPU = Debug|Any CPU
		Release|Any CPU = Release|Any CPU
	EndGlobalSection
	GlobalSection(ProjectConfigurationPlatforms) = postSolution
		{D3B0BFDE-F220-47D3-86AB-7642F23EDD6F}.Debug|Any CPU.ActiveCfg = Debug|Any CPU
		{D3B0BFDE-F220-47D3-86AB-7642F23EDD6F}.Debug|Any CPU.Build.0 = Debug|Any CPU
		{D3B0BFDE-F220-47D3-86AB-7642F23EDD6F}.Release|Any CPU.ActiveCfg = Release|Any CPU
		{D3B0BFDE-F220-47D3-86AB-7642F23EDD6F}.Release|Any CPU.Build.0 = Release|Any CPU
	EndGlobalSection
	GlobalSection(SolutionProperties) = preSolution
		HideSolutionNode = FALSE
	EndGlobalSection
EndGlobal
